
Microsoft Visual Studio Solution File, Format Version 12.00
# Visual Studio Version 17
VisualStudioVersion = 17.2.32630.192
MinimumVisualStudioVersion = 10.0.40219.1
Project("{9A19103F-16F7-4668-BE54-9A1E7A4F7556}") = "DALGenericTemplate.Core", "DALGenericTemplate.Core\DALGenericTemplate.Core.csproj", "{56AB2871-0557-4774-A54B-9B3DB4317DDA}"
EndProject
Project("{9A19103F-16F7-4668-BE54-9A1E7A4F7556}") = "DALGenericTemplate.Tests", "DALGenericTemplate.Tests\DALGenericTemplate.Tests.csproj", "{BA8E3A92-DDDE-46B1-A6F4-31FD9C9F0F62}"
EndProject
Global
	GlobalSection(SolutionConfigurationPlatforms) = preSolution
		Debug|Any CPU = Debug|Any CPU
		Release|Any CPU = Release|Any CPU
	EndGlobalSection
	GlobalSection(ProjectConfigurationPlatforms) = postSolution
		{56AB2871-0557-4774-A54B-9B3DB4317DDA}.Debug|Any CPU.ActiveCfg = Debug|Any CPU
		{56AB2871-0557-4774-A54B-9B3DB4317DDA}.Debug|Any CPU.Build.0 = Debug|Any CPU
		{56AB2871-0557-4774-A54B-9B3DB4317DDA}.Release|Any CPU.ActiveCfg = Release|Any CPU
		{56AB2871-0557-4774-A54B-9B3DB4317DDA}.Release|Any CPU.Build.0 = Release|Any CPU
		{BA8E3A92-DDDE-46B1-A6F4-31FD9C9F0F62}.Debug|Any CPU.ActiveCfg = Debug|Any CPU
		{BA8E3A92-DDDE-46B1-A6F4-31FD9C9F0F62}.Debug|Any CPU.Build.0 = Debug|Any CPU
		{BA8E3A92-DDDE-46B1-A6F4-31FD9C9F0F62}.Release|Any CPU.ActiveCfg = Release|Any CPU
		{BA8E3A92-DDDE-46B1-A6F4-31FD9C9F0F62}.Release|Any CPU.Build.0 = Release|Any CPU
	EndGlobalSection
	GlobalSection(SolutionProperties) = preSolution
		HideSolutionNode = FALSE
	EndGlobalSection
	GlobalSection(ExtensibilityGlobals) = postSolution
		SolutionGuid = {B6356121-0929-4BE1-8BF3-B4AF565A2314}
	EndGlobalSection
EndGlobal
